
Microsoft Visual Studio Solution File, Format Version 12.00
# Visual Studio 15
VisualStudioVersion = 15.0.27130.0
MinimumVisualStudioVersion = 10.0.40219.1
Project("{FAE04EC0-301F-11D3-BF4B-00C04F79EFBC}") = "Framework.Domain", "..\SalesManagement\SalesManagement\Framework.Core\Framework.Domain.csproj", "{053BE3F5-1805-4216-9F0C-7FD7EECCEB16}"
EndProject
Project("{FAE04EC0-301F-11D3-BF4B-00C04F79EFBC}") = "Framework.Application", "..\SalesManagement\SalesManagement\Framework.Application\Framework.Application.csproj", "{563110FA-14BF-4018-B1FB-A2646074D61D}"
EndProject
Project("{FAE04EC0-301F-11D3-BF4B-00C04F79EFBC}") = "Framework.Persitence", "..\SalesManagement\SalesManagement\Framework.Persitence\Framework.Persitence.csproj", "{2F4FD192-F03B-4A20-8186-25E8B111FE8D}"
EndProject
Project("{FAE04EC0-301F-11D3-BF4B-00C04F79EFBC}") = "Framework.Config", "..\SalesManagement\SalesManagement\Framework.Config\Framework.Config.csproj", "{30825C3B-DAE3-49B9-BF58-989B154E132C}"
EndProject
Project("{FAE04EC0-301F-11D3-BF4B-00C04F79EFBC}") = "Framwork", "..\SalesManagement\SalesManagement\Framwork\Framwork.csproj", "{32664DE5-85B3-409A-BBB9-DA7A823B0238}"
EndProject
Project("{2150E333-8FDC-42A3-9474-1A3956D46DE8}") = "Framework", "Framework", "{99AE33B8-6725-42DD-A200-72A0AF99C56F}"
EndProject
Project("{2150E333-8FDC-42A3-9474-1A3956D46DE8}") = "Financial", "Financial", "{B6E7CCF2-C4F2-49CE-BB4E-A6698ADC0240}"
EndProject
Project("{2150E333-8FDC-42A3-9474-1A3956D46DE8}") = "Application", "Application", "{25D3C002-957B-4C2F-9B71-4A89AC661973}"
EndProject
Project("{2150E333-8FDC-42A3-9474-1A3956D46DE8}") = "Domain", "Domain", "{15DD2531-53D0-4501-B281-CA05365C7620}"
EndProject
Project("{2150E333-8FDC-42A3-9474-1A3956D46DE8}") = "Infra", "Infra", "{3CBE7BCF-BB18-48ED-9A58-BDE6AB159D20}"
EndProject
Project("{FAE04EC0-301F-11D3-BF4B-00C04F79EFBC}") = "Financial.Domain", "Financial.Domain\Financial.Domain.csproj", "{80DCED15-D940-4CFB-89CC-5F90D48F05D6}"
EndProject
Project("{FAE04EC0-301F-11D3-BF4B-00C04F79EFBC}") = "Financial.Domain.UnitTest", "Financial.Domain.UnitTest\Financial.Domain.UnitTest.csproj", "{AD470661-C626-4637-B21D-E45915881D4B}"
EndProject
Project("{2150E333-8FDC-42A3-9474-1A3956D46DE8}") = "Account", "Account", "{C0589087-68BD-464B-B8B8-32C8E56FEEA7}"
EndProject
Project("{2150E333-8FDC-42A3-9474-1A3956D46DE8}") = "Domain", "Domain", "{B5477A90-8EFC-45BF-9032-176B28E54CF3}"
EndProject
Project("{2150E333-8FDC-42A3-9474-1A3956D46DE8}") = "Application", "Application", "{CA4F225B-FC3A-47F6-99D5-872EBD4AB52D}"
EndProject
Project("{2150E333-8FDC-42A3-9474-1A3956D46DE8}") = "Infra", "Infra", "{BE0E7B51-D8F5-4B5B-96FE-6455F1D778FA}"
EndProject
Project("{FAE04EC0-301F-11D3-BF4B-00C04F79EFBC}") = "Account.Domain", "Account.Domain\Account.Domain.csproj", "{5564D949-15CD-4D15-8958-4EC66D3D6C8B}"
EndProject
Project("{FAE04EC0-301F-11D3-BF4B-00C04F79EFBC}") = "Account.Domain.Test", "Account.Domain.Test\Account.Domain.Test.csproj", "{CA1362A0-1935-40D9-9B91-75196211C9B6}"
EndProject
Project("{FAE04EC0-301F-11D3-BF4B-00C04F79EFBC}") = "Financial.Application", "Financial.Application\Financial.Application.csproj", "{8FEB90F6-0FDE-482C-B5AA-490B3D4CDA47}"
EndProject
Project("{FAE04EC0-301F-11D3-BF4B-00C04F79EFBC}") = "Financial.Application.Contract", "Financial.Application.Contract\Financial.Application.Contract.csproj", "{5682D4B6-350D-4026-935D-3138FED492A6}"
EndProject
Project("{FAE04EC0-301F-11D3-BF4B-00C04F79EFBC}") = "Financial.Persistence", "Financial.Persistence\Financial.Persistence.csproj", "{EA1C7B20-D28F-47C0-944B-454AD5C7114C}"
EndProject
Project("{2150E333-8FDC-42A3-9474-1A3956D46DE8}") = "Host", "Host", "{F0434A13-3BCD-4947-ADAA-35D9932951CB}"
EndProject
Project("{FAE04EC0-301F-11D3-BF4B-00C04F79EFBC}") = "FinancialCompany.Host", "FinancialCompany.Host\FinancialCompany.Host.csproj", "{A4933716-95F5-4D62-A02A-5A64BAD49D00}"
EndProject
Project("{FAE04EC0-301F-11D3-BF4B-00C04F79EFBC}") = "FinancialCompany.Host.Tests", "FinancialCompany.Host.Tests\FinancialCompany.Host.Tests.csproj", "{237A4904-52AE-4A0A-A820-C9BD0B5924A9}"
EndProject
Project("{FAE04EC0-301F-11D3-BF4B-00C04F79EFBC}") = "Account.Application", "Account.Application\Account.Application.csproj", "{63AE6695-4445-450C-8CEF-C1457CB00214}"
EndProject
Project("{FAE04EC0-301F-11D3-BF4B-00C04F79EFBC}") = "Account.Application.Contract", "Account.Application.Contract\Account.Application.Contract.csproj", "{FEE8F331-50CE-4DDF-9FE9-1C5D5E948229}"
EndProject
Project("{FAE04EC0-301F-11D3-BF4B-00C04F79EFBC}") = "Account.Persistence", "Account.Persistence\Account.Persistence.csproj", "{3426B49A-1DFA-4EDB-9185-141E51129B2B}"
EndProject
Global
	GlobalSection(SolutionConfigurationPlatforms) = preSolution
		Debug|Any CPU = Debug|Any CPU
		Release|Any CPU = Release|Any CPU
	EndGlobalSection
	GlobalSection(ProjectConfigurationPlatforms) = postSolution
		{053BE3F5-1805-4216-9F0C-7FD7EECCEB16}.Debug|Any CPU.ActiveCfg = Debug|Any CPU
		{053BE3F5-1805-4216-9F0C-7FD7EECCEB16}.Debug|Any CPU.Build.0 = Debug|Any CPU
		{053BE3F5-1805-4216-9F0C-7FD7EECCEB16}.Release|Any CPU.ActiveCfg = Release|Any CPU
		{053BE3F5-1805-4216-9F0C-7FD7EECCEB16}.Release|Any CPU.Build.0 = Release|Any CPU
		{563110FA-14BF-4018-B1FB-A2646074D61D}.Debug|Any CPU.ActiveCfg = Debug|Any CPU
		{563110FA-14BF-4018-B1FB-A2646074D61D}.Debug|Any CPU.Build.0 = Debug|Any CPU
		{563110FA-14BF-4018-B1FB-A2646074D61D}.Release|Any CPU.ActiveCfg = Release|Any CPU
		{563110FA-14BF-4018-B1FB-A2646074D61D}.Release|Any CPU.Build.0 = Release|Any CPU
		{2F4FD192-F03B-4A20-8186-25E8B111FE8D}.Debug|Any CPU.ActiveCfg = Debug|Any CPU
		{2F4FD192-F03B-4A20-8186-25E8B111FE8D}.Debug|Any CPU.Build.0 = Debug|Any CPU
		{2F4FD192-F03B-4A20-8186-25E8B111FE8D}.Release|Any CPU.ActiveCfg = Release|Any CPU
		{2F4FD192-F03B-4A20-8186-25E8B111FE8D}.Release|Any CPU.Build.0 = Release|Any CPU
		{30825C3B-DAE3-49B9-BF58-989B154E132C}.Debug|Any CPU.ActiveCfg = Debug|Any CPU
		{30825C3B-DAE3-49B9-BF58-989B154E132C}.Debug|Any CPU.Build.0 = Debug|Any CPU
		{30825C3B-DAE3-49B9-BF58-989B154E132C}.Release|Any CPU.ActiveCfg = Release|Any CPU
		{30825C3B-DAE3-49B9-BF58-989B154E132C}.Release|Any CPU.Build.0 = Release|Any CPU
		{32664DE5-85B3-409A-BBB9-DA7A823B0238}.Debug|Any CPU.ActiveCfg = Debug|Any CPU
		{32664DE5-85B3-409A-BBB9-DA7A823B0238}.Debug|Any CPU.Build.0 = Debug|Any CPU
		{32664DE5-85B3-409A-BBB9-DA7A823B0238}.Release|Any CPU.ActiveCfg = Release|Any CPU
		{32664DE5-85B3-409A-BBB9-DA7A823B0238}.Release|Any CPU.Build.0 = Release|Any CPU
		{80DCED15-D940-4CFB-89CC-5F90D48F05D6}.Debug|Any CPU.ActiveCfg = Debug|Any CPU
		{80DCED15-D940-4CFB-89CC-5F90D48F05D6}.Debug|Any CPU.Build.0 = Debug|Any CPU
		{80DCED15-D940-4CFB-89CC-5F90D48F05D6}.Release|Any CPU.ActiveCfg = Release|Any CPU
		{80DCED15-D940-4CFB-89CC-5F90D48F05D6}.Release|Any CPU.Build.0 = Release|Any CPU
		{AD470661-C626-4637-B21D-E45915881D4B}.Debug|Any CPU.ActiveCfg = Debug|Any CPU
		{AD470661-C626-4637-B21D-E45915881D4B}.Debug|Any CPU.Build.0 = Debug|Any CPU
		{AD470661-C626-4637-B21D-E45915881D4B}.Release|Any CPU.ActiveCfg = Release|Any CPU
		{AD470661-C626-4637-B21D-E45915881D4B}.Release|Any CPU.Build.0 = Release|Any CPU
		{5564D949-15CD-4D15-8958-4EC66D3D6C8B}.Debug|Any CPU.ActiveCfg = Debug|Any CPU
		{5564D949-15CD-4D15-8958-4EC66D3D6C8B}.Debug|Any CPU.Build.0 = Debug|Any CPU
		{5564D949-15CD-4D15-8958-4EC66D3D6C8B}.Release|Any CPU.ActiveCfg = Release|Any CPU
		{5564D949-15CD-4D15-8958-4EC66D3D6C8B}.Release|Any CPU.Build.0 = Release|Any CPU
		{CA1362A0-1935-40D9-9B91-75196211C9B6}.Debug|Any CPU.ActiveCfg = Debug|Any CPU
		{CA1362A0-1935-40D9-9B91-75196211C9B6}.Debug|Any CPU.Build.0 = Debug|Any CPU
		{CA1362A0-1935-40D9-9B91-75196211C9B6}.Release|Any CPU.ActiveCfg = Release|Any CPU
		{CA1362A0-1935-40D9-9B91-75196211C9B6}.Release|Any CPU.Build.0 = Release|Any CPU
		{8FEB90F6-0FDE-482C-B5AA-490B3D4CDA47}.Debug|Any CPU.ActiveCfg = Debug|Any CPU
		{8FEB90F6-0FDE-482C-B5AA-490B3D4CDA47}.Debug|Any CPU.Build.0 = Debug|Any CPU
		{8FEB90F6-0FDE-482C-B5AA-490B3D4CDA47}.Release|Any CPU.ActiveCfg = Release|Any CPU
		{8FEB90F6-0FDE-482C-B5AA-490B3D4CDA47}.Release|Any CPU.Build.0 = Release|Any CPU
		{5682D4B6-350D-4026-935D-3138FED492A6}.Debug|Any CPU.ActiveCfg = Debug|Any CPU
		{5682D4B6-350D-4026-935D-3138FED492A6}.Debug|Any CPU.Build.0 = Debug|Any CPU
		{5682D4B6-350D-4026-935D-3138FED492A6}.Release|Any CPU.ActiveCfg = Release|Any CPU
		{5682D4B6-350D-4026-935D-3138FED492A6}.Release|Any CPU.Build.0 = Release|Any CPU
		{EA1C7B20-D28F-47C0-944B-454AD5C7114C}.Debug|Any CPU.ActiveCfg = Debug|Any CPU
		{EA1C7B20-D28F-47C0-944B-454AD5C7114C}.Debug|Any CPU.Build.0 = Debug|Any CPU
		{EA1C7B20-D28F-47C0-944B-454AD5C7114C}.Release|Any CPU.ActiveCfg = Release|Any CPU
		{EA1C7B20-D28F-47C0-944B-454AD5C7114C}.Release|Any CPU.Build.0 = Release|Any CPU
		{A4933716-95F5-4D62-A02A-5A64BAD49D00}.Debug|Any CPU.ActiveCfg = Debug|Any CPU
		{A4933716-95F5-4D62-A02A-5A64BAD49D00}.Debug|Any CPU.Build.0 = Debug|Any CPU
		{A4933716-95F5-4D62-A02A-5A64BAD49D00}.Release|Any CPU.ActiveCfg = Release|Any CPU
		{A4933716-95F5-4D62-A02A-5A64BAD49D00}.Release|Any CPU.Build.0 = Release|Any CPU
		{237A4904-52AE-4A0A-A820-C9BD0B5924A9}.Debug|Any CPU.ActiveCfg = Debug|Any CPU
		{237A4904-52AE-4A0A-A820-C9BD0B5924A9}.Debug|Any CPU.Build.0 = Debug|Any CPU
		{237A4904-52AE-4A0A-A820-C9BD0B5924A9}.Release|Any CPU.ActiveCfg = Release|Any CPU
		{237A4904-52AE-4A0A-A820-C9BD0B5924A9}.Release|Any CPU.Build.0 = Release|Any CPU
		{63AE6695-4445-450C-8CEF-C1457CB00214}.Debug|Any CPU.ActiveCfg = Debug|Any CPU
		{63AE6695-4445-450C-8CEF-C1457CB00214}.Debug|Any CPU.Build.0 = Debug|Any CPU
		{63AE6695-4445-450C-8CEF-C1457CB00214}.Release|Any CPU.ActiveCfg = Release|Any CPU
		{63AE6695-4445-450C-8CEF-C1457CB00214}.Release|Any CPU.Build.0 = Release|Any CPU
		{FEE8F331-50CE-4DDF-9FE9-1C5D5E948229}.Debug|Any CPU.ActiveCfg = Debug|Any CPU
		{FEE8F331-50CE-4DDF-9FE9-1C5D5E948229}.Debug|Any CPU.Build.0 = Debug|Any CPU
		{FEE8F331-50CE-4DDF-9FE9-1C5D5E948229}.Release|Any CPU.ActiveCfg = Release|Any CPU
		{FEE8F331-50CE-4DDF-9FE9-1C5D5E948229}.Release|Any CPU.Build.0 = Release|Any CPU
		{3426B49A-1DFA-4EDB-9185-141E51129B2B}.Debug|Any CPU.ActiveCfg = Debug|Any CPU
		{3426B49A-1DFA-4EDB-9185-141E51129B2B}.Debug|Any CPU.Build.0 = Debug|Any CPU
		{3426B49A-1DFA-4EDB-9185-141E51129B2B}.Release|Any CPU.ActiveCfg = Release|Any CPU
		{3426B49A-1DFA-4EDB-9185-141E51129B2B}.Release|Any CPU.Build.0 = Release|Any CPU
	EndGlobalSection
	GlobalSection(SolutionProperties) = preSolution
		HideSolutionNode = FALSE
	EndGlobalSection
	GlobalSection(NestedProjects) = preSolution
		{053BE3F5-1805-4216-9F0C-7FD7EECCEB16} = {99AE33B8-6725-42DD-A200-72A0AF99C56F}
		{563110FA-14BF-4018-B1FB-A2646074D61D} = {99AE33B8-6725-42DD-A200-72A0AF99C56F}
		{2F4FD192-F03B-4A20-8186-25E8B111FE8D} = {99AE33B8-6725-42DD-A200-72A0AF99C56F}
		{30825C3B-DAE3-49B9-BF58-989B154E132C} = {99AE33B8-6725-42DD-A200-72A0AF99C56F}
		{32664DE5-85B3-409A-BBB9-DA7A823B0238} = {99AE33B8-6725-42DD-A200-72A0AF99C56F}
		{25D3C002-957B-4C2F-9B71-4A89AC661973} = {B6E7CCF2-C4F2-49CE-BB4E-A6698ADC0240}
		{15DD2531-53D0-4501-B281-CA05365C7620} = {B6E7CCF2-C4F2-49CE-BB4E-A6698ADC0240}
		{3CBE7BCF-BB18-48ED-9A58-BDE6AB159D20} = {B6E7CCF2-C4F2-49CE-BB4E-A6698ADC0240}
		{80DCED15-D940-4CFB-89CC-5F90D48F05D6} = {15DD2531-53D0-4501-B281-CA05365C7620}
		{AD470661-C626-4637-B21D-E45915881D4B} = {15DD2531-53D0-4501-B281-CA05365C7620}
		{B5477A90-8EFC-45BF-9032-176B28E54CF3} = {C0589087-68BD-464B-B8B8-32C8E56FEEA7}
		{CA4F225B-FC3A-47F6-99D5-872EBD4AB52D} = {C0589087-68BD-464B-B8B8-32C8E56FEEA7}
		{BE0E7B51-D8F5-4B5B-96FE-6455F1D778FA} = {C0589087-68BD-464B-B8B8-32C8E56FEEA7}
		{5564D949-15CD-4D15-8958-4EC66D3D6C8B} = {B5477A90-8EFC-45BF-9032-176B28E54CF3}
		{CA1362A0-1935-40D9-9B91-75196211C9B6} = {B5477A90-8EFC-45BF-9032-176B28E54CF3}
		{8FEB90F6-0FDE-482C-B5AA-490B3D4CDA47} = {25D3C002-957B-4C2F-9B71-4A89AC661973}
		{5682D4B6-350D-4026-935D-3138FED492A6} = {25D3C002-957B-4C2F-9B71-4A89AC661973}
		{EA1C7B20-D28F-47C0-944B-454AD5C7114C} = {3CBE7BCF-BB18-48ED-9A58-BDE6AB159D20}
		{A4933716-95F5-4D62-A02A-5A64BAD49D00} = {F0434A13-3BCD-4947-ADAA-35D9932951CB}
		{237A4904-52AE-4A0A-A820-C9BD0B5924A9} = {F0434A13-3BCD-4947-ADAA-35D9932951CB}
		{63AE6695-4445-450C-8CEF-C1457CB00214} = {CA4F225B-FC3A-47F6-99D5-872EBD4AB52D}
		{FEE8F331-50CE-4DDF-9FE9-1C5D5E948229} = {CA4F225B-FC3A-47F6-99D5-872EBD4AB52D}
		{3426B49A-1DFA-4EDB-9185-141E51129B2B} = {BE0E7B51-D8F5-4B5B-96FE-6455F1D778FA}
	EndGlobalSection
	GlobalSection(ExtensibilityGlobals) = postSolution
		SolutionGuid = {7F102949-093D-4FB1-BFF6-9E0E1FAD944E}
	EndGlobalSection
EndGlobal
